// !$*UTF8*$!
{
	archiveVersion = 1;
	classes = {
	};
	objectVersion = 46;
	objects = {

/* Begin PBXBuildFile section */
		891F99651E8C16170026D808 /* Database.swift in Sources */ = {isa = PBXBuildFile; fileRef = 891F99641E8C16170026D808 /* Database.swift */; };
		892E7DBD1E8BEAA8002541AD /* AppDelegate.swift in Sources */ = {isa = PBXBuildFile; fileRef = 892E7DBC1E8BEAA8002541AD /* AppDelegate.swift */; };
		892E7DBF1E8BEAA8002541AD /* ViewController.swift in Sources */ = {isa = PBXBuildFile; fileRef = 892E7DBE1E8BEAA8002541AD /* ViewController.swift */; };
		892E7DC21E8BEAA8002541AD /* Main.storyboard in Resources */ = {isa = PBXBuildFile; fileRef = 892E7DC01E8BEAA8002541AD /* Main.storyboard */; };
		892E7DC41E8BEAA8002541AD /* Assets.xcassets in Resources */ = {isa = PBXBuildFile; fileRef = 892E7DC31E8BEAA8002541AD /* Assets.xcassets */; };
		892E7DC71E8BEAA8002541AD /* LaunchScreen.storyboard in Resources */ = {isa = PBXBuildFile; fileRef = 892E7DC51E8BEAA8002541AD /* LaunchScreen.storyboard */; };
		892E7DCF1E8BEDEA002541AD /* SecondViewController.swift in Sources */ = {isa = PBXBuildFile; fileRef = 892E7DCE1E8BEDEA002541AD /* SecondViewController.swift */; };
		892E7DD11E8BFE6F002541AD /* TableView.swift in Sources */ = {isa = PBXBuildFile; fileRef = 892E7DD01E8BFE6F002541AD /* TableView.swift */; };
		894D67A91E8C4DB00092C02F /* ownDB.db in Resources */ = {isa = PBXBuildFile; fileRef = 894D67A81E8C4DB00092C02F /* ownDB.db */; };
		A1797C3B81B5D3361440ACB2 /* Pods_Playtime.framework in Frameworks */ = {isa = PBXBuildFile; fileRef = 1D02880BA6CE4EEBD417E40F /* Pods_Playtime.framework */; };
/* End PBXBuildFile section */

/* Begin PBXFileReference section */
		1D02880BA6CE4EEBD417E40F /* Pods_Playtime.framework */ = {isa = PBXFileReference; explicitFileType = wrapper.framework; includeInIndex = 0; path = Pods_Playtime.framework; sourceTree = BUILT_PRODUCTS_DIR; };
		45240F6060A33BF1495DF895 /* Pods-Playtime.release.xcconfig */ = {isa = PBXFileReference; includeInIndex = 1; lastKnownFileType = text.xcconfig; name = "Pods-Playtime.release.xcconfig"; path = "Pods/Target Support Files/Pods-Playtime/Pods-Playtime.release.xcconfig"; sourceTree = "<group>"; };
		891F99641E8C16170026D808 /* Database.swift */ = {isa = PBXFileReference; fileEncoding = 4; lastKnownFileType = sourcecode.swift; path = Database.swift; sourceTree = "<group>"; };
		892E7DB91E8BEAA8002541AD /* Playtime.app */ = {isa = PBXFileReference; explicitFileType = wrapper.application; includeInIndex = 0; path = Playtime.app; sourceTree = BUILT_PRODUCTS_DIR; };
		892E7DBC1E8BEAA8002541AD /* AppDelegate.swift */ = {isa = PBXFileReference; lastKnownFileType = sourcecode.swift; path = AppDelegate.swift; sourceTree = "<group>"; };
		892E7DBE1E8BEAA8002541AD /* ViewController.swift */ = {isa = PBXFileReference; lastKnownFileType = sourcecode.swift; path = ViewController.swift; sourceTree = "<group>"; };
		892E7DC11E8BEAA8002541AD /* Base */ = {isa = PBXFileReference; lastKnownFileType = file.storyboard; name = Base; path = Base.lproj/Main.storyboard; sourceTree = "<group>"; };
		892E7DC31E8BEAA8002541AD /* Assets.xcassets */ = {isa = PBXFileReference; lastKnownFileType = folder.assetcatalog; path = Assets.xcassets; sourceTree = "<group>"; };
		892E7DC61E8BEAA8002541AD /* Base */ = {isa = PBXFileReference; lastKnownFileType = file.storyboard; name = Base; path = Base.lproj/LaunchScreen.storyboard; sourceTree = "<group>"; };
		892E7DC81E8BEAA8002541AD /* Info.plist */ = {isa = PBXFileReference; lastKnownFileType = text.plist.xml; path = Info.plist; sourceTree = "<group>"; };
		892E7DCE1E8BEDEA002541AD /* SecondViewController.swift */ = {isa = PBXFileReference; fileEncoding = 4; lastKnownFileType = sourcecode.swift; path = SecondViewController.swift; sourceTree = "<group>"; };
		892E7DD01E8BFE6F002541AD /* TableView.swift */ = {isa = PBXFileReference; fileEncoding = 4; lastKnownFileType = sourcecode.swift; path = TableView.swift; sourceTree = "<group>"; };
		894D67A81E8C4DB00092C02F /* ownDB.db */ = {isa = PBXFileReference; lastKnownFileType = file; path = ownDB.db; sourceTree = "<group>"; };
		A64F1B0181211DE51D9488B4 /* Pods-Playtime.debug.xcconfig */ = {isa = PBXFileReference; includeInIndex = 1; lastKnownFileType = text.xcconfig; name = "Pods-Playtime.debug.xcconfig"; path = "Pods/Target Support Files/Pods-Playtime/Pods-Playtime.debug.xcconfig"; sourceTree = "<group>"; };
/* End PBXFileReference section */

/* Begin PBXFrameworksBuildPhase section */
		892E7DB61E8BEAA8002541AD /* Frameworks */ = {
			isa = PBXFrameworksBuildPhase;
			buildActionMask = 2147483647;
			files = (
				A1797C3B81B5D3361440ACB2 /* Pods_Playtime.framework in Frameworks */,
			);
			runOnlyForDeploymentPostprocessing = 0;
		};
/* End PBXFrameworksBuildPhase section */

/* Begin PBXGroup section */
		892E7DB01E8BEAA8002541AD = {
			isa = PBXGroup;
			children = (
				892E7DBB1E8BEAA8002541AD /* Playtime */,
				894D67A71E8C3E3C0092C02F /* Database */,
				892E7DBA1E8BEAA8002541AD /* Products */,
				EC3F0FC2818DACA04FDCBD89 /* Pods */,
				A3EDB8D3D13123BDBDE6ED5F /* Frameworks */,
			);
			sourceTree = "<group>";
		};
		892E7DBA1E8BEAA8002541AD /* Products */ = {
			isa = PBXGroup;
			children = (
				892E7DB91E8BEAA8002541AD /* Playtime.app */,
			);
			name = Products;
			sourceTree = "<group>";
		};
		892E7DBB1E8BEAA8002541AD /* Playtime */ = {
			isa = PBXGroup;
			children = (
				892E7DBC1E8BEAA8002541AD /* AppDelegate.swift */,
				892E7DBE1E8BEAA8002541AD /* ViewController.swift */,
				892E7DC01E8BEAA8002541AD /* Main.storyboard */,
				892E7DC31E8BEAA8002541AD /* Assets.xcassets */,
				892E7DC51E8BEAA8002541AD /* LaunchScreen.storyboard */,
				892E7DC81E8BEAA8002541AD /* Info.plist */,
				892E7DCE1E8BEDEA002541AD /* SecondViewController.swift */,
				892E7DD01E8BFE6F002541AD /* TableView.swift */,
				891F99641E8C16170026D808 /* Database.swift */,
			);
			path = Playtime;
			sourceTree = "<group>";
		};
		894D67A71E8C3E3C0092C02F /* Database */ = {
			isa = PBXGroup;
			children = (
				894D67A81E8C4DB00092C02F /* ownDB.db */,
			);
			name = Database;
			path = Playtime;
			sourceTree = "<group>";
		};
		A3EDB8D3D13123BDBDE6ED5F /* Frameworks */ = {
			isa = PBXGroup;
			children = (
				1D02880BA6CE4EEBD417E40F /* Pods_Playtime.framework */,
			);
			name = Frameworks;
			sourceTree = "<group>";
		};
		EC3F0FC2818DACA04FDCBD89 /* Pods */ = {
			isa = PBXGroup;
			children = (
				A64F1B0181211DE51D9488B4 /* Pods-Playtime.debug.xcconfig */,
				45240F6060A33BF1495DF895 /* Pods-Playtime.release.xcconfig */,
			);
			name = Pods;
			sourceTree = "<group>";
		};
/* End PBXGroup section */

/* Begin PBXNativeTarget section */
		892E7DB81E8BEAA8002541AD /* Playtime */ = {
			isa = PBXNativeTarget;
			buildConfigurationList = 892E7DCB1E8BEAA8002541AD /* Build configuration list for PBXNativeTarget "Playtime" */;
			buildPhases = (
				5CAF985769773DEE7D0EC9ED /* [CP] Check Pods Manifest.lock */,
				892E7DB51E8BEAA8002541AD /* Sources */,
				892E7DB61E8BEAA8002541AD /* Frameworks */,
				892E7DB71E8BEAA8002541AD /* Resources */,
				0EC1767F4B2DD53CC4C82111 /* [CP] Embed Pods Frameworks */,
				5C40DB8C326648F12B132EAD /* [CP] Copy Pods Resources */,
			);
			buildRules = (
			);
			dependencies = (
			);
			name = Playtime;
			productName = Playtime;
			productReference = 892E7DB91E8BEAA8002541AD /* Playtime.app */;
			productType = "com.apple.product-type.application";
		};
/* End PBXNativeTarget section */

/* Begin PBXProject section */
		892E7DB11E8BEAA8002541AD /* Project object */ = {
			isa = PBXProject;
			attributes = {
				LastSwiftUpdateCheck = 0830;
				LastUpgradeCheck = 0830;
				ORGANIZATIONNAME = "Anh Duc Tran";
				TargetAttributes = {
					892E7DB81E8BEAA8002541AD = {
						CreatedOnToolsVersion = 8.3;
						DevelopmentTeam = 9V6J6R5YFL;
						ProvisioningStyle = Automatic;
					};
				};
			};
			buildConfigurationList = 892E7DB41E8BEAA8002541AD /* Build configuration list for PBXProject "Playtime" */;
			compatibilityVersion = "Xcode 3.2";
			developmentRegion = English;
			hasScannedForEncodings = 0;
			knownRegions = (
				en,
				Base,
			);
			mainGroup = 892E7DB01E8BEAA8002541AD;
			productRefGroup = 892E7DBA1E8BEAA8002541AD /* Products */;
			projectDirPath = "";
			projectRoot = "";
			targets = (
				892E7DB81E8BEAA8002541AD /* Playtime */,
			);
		};
/* End PBXProject section */

/* Begin PBXResourcesBuildPhase section */
		892E7DB71E8BEAA8002541AD /* Resources */ = {
			isa = PBXResourcesBuildPhase;
			buildActionMask = 2147483647;
			files = (
				892E7DC71E8BEAA8002541AD /* LaunchScreen.storyboard in Resources */,
				892E7DC41E8BEAA8002541AD /* Assets.xcassets in Resources */,
				894D67A91E8C4DB00092C02F /* ownDB.db in Resources */,
				892E7DC21E8BEAA8002541AD /* Main.storyboard in Resources */,
			);
			runOnlyForDeploymentPostprocessing = 0;
		};
/* End PBXResourcesBuildPhase section */

/* Begin PBXShellScriptBuildPhase section */
		0EC1767F4B2DD53CC4C82111 /* [CP] Embed Pods Frameworks */ = {
			isa = PBXShellScriptBuildPhase;
			buildActionMask = 2147483647;
			files = (
			);
			inputPaths = (
			);
			name = "[CP] Embed Pods Frameworks";
			outputPaths = (
			);
			runOnlyForDeploymentPostprocessing = 0;
			shellPath = /bin/sh;
			shellScript = "\"${SRCROOT}/Pods/Target Support Files/Pods-Playtime/Pods-Playtime-frameworks.sh\"\n";
			showEnvVarsInLog = 0;
		};
		5C40DB8C326648F12B132EAD /* [CP] Copy Pods Resources */ = {
			isa = PBXShellScriptBuildPhase;
			buildActionMask = 2147483647;
			files = (
			);
			inputPaths = (
			);
			name = "[CP] Copy Pods Resources";
			outputPaths = (
			);
			runOnlyForDeploymentPostprocessing = 0;
			shellPath = /bin/sh;
			shellScript = "\"${SRCROOT}/Pods/Target Support Files/Pods-Playtime/Pods-Playtime-resources.sh\"\n";
			showEnvVarsInLog = 0;
		};
		5CAF985769773DEE7D0EC9ED /* [CP] Check Pods Manifest.lock */ = {
			isa = PBXShellScriptBuildPhase;
			buildActionMask = 2147483647;
			files = (
			);
			inputPaths = (
			);
			name = "[CP] Check Pods Manifest.lock";
			outputPaths = (
			);
			runOnlyForDeploymentPostprocessing = 0;
			shellPath = /bin/sh;
			shellScript = "diff \"${PODS_ROOT}/../Podfile.lock\" \"${PODS_ROOT}/Manifest.lock\" > /dev/null\nif [ $? != 0 ] ; then\n    # print error to STDERR\n    echo \"error: The sandbox is not in sync with the Podfile.lock. Run 'pod install' or update your CocoaPods installation.\" >&2\n    exit 1\nfi\n";
			showEnvVarsInLog = 0;
		};
/* End PBXShellScriptBuildPhase section */

/* Begin PBXSourcesBuildPhase section */
		892E7DB51E8BEAA8002541AD /* Sources */ = {
			isa = PBXSourcesBuildPhase;
			buildActionMask = 2147483647;
			files = (
				892E7DCF1E8BEDEA002541AD /* SecondViewController.swift in Sources */,
				892E7DD11E8BFE6F002541AD /* TableView.swift in Sources */,
				892E7DBF1E8BEAA8002541AD /* ViewController.swift in Sources */,
				891F99651E8C16170026D808 /* Database.swift in Sources */,
				892E7DBD1E8BEAA8002541AD /* AppDelegate.swift in Sources */,
			);
			runOnlyForDeploymentPostprocessing = 0;
		};
/* End PBXSourcesBuildPhase section */

/* Begin PBXVariantGroup section */
		892E7DC01E8BEAA8002541AD /* Main.storyboard */ = {
			isa = PBXVariantGroup;
			children = (
				892E7DC11E8BEAA8002541AD /* Base */,
			);
			name = Main.storyboard;
			sourceTree = "<group>";
		};
		892E7DC51E8BEAA8002541AD /* LaunchScreen.storyboard */ = {
			isa = PBXVariantGroup;
			children = (
				892E7DC61E8BEAA8002541AD /* Base */,
			);
			name = LaunchScreen.storyboard;
			sourceTree = "<group>";
		};
/* End PBXVariantGroup section */

/* Begin XCBuildConfiguration section */
		892E7DC91E8BEAA8002541AD /* Debug */ = {
			isa = XCBuildConfiguration;
			buildSettings = {
				ALWAYS_SEARCH_USER_PATHS = NO;
				CLANG_ANALYZER_NONNULL = YES;
				CLANG_ANALYZER_NUMBER_OBJECT_CONVERSION = YES_AGGRESSIVE;
				CLANG_CXX_LANGUAGE_STANDARD = "gnu++0x";
				CLANG_CXX_LIBRARY = "libc++";
				CLANG_ENABLE_MODULES = YES;
				CLANG_ENABLE_OBJC_ARC = YES;
				CLANG_WARN_BOOL_CONVERSION = YES;
				CLANG_WARN_CONSTANT_CONVERSION = YES;
				CLANG_WARN_DIRECT_OBJC_ISA_USAGE = YES_ERROR;
				CLANG_WARN_DOCUMENTATION_COMMENTS = YES;
				CLANG_WARN_EMPTY_BODY = YES;
				CLANG_WARN_ENUM_CONVERSION = YES;
				CLANG_WARN_INFINITE_RECURSION = YES;
				CLANG_WARN_INT_CONVERSION = YES;
				CLANG_WARN_OBJC_ROOT_CLASS = YES_ERROR;
				CLANG_WARN_SUSPICIOUS_MOVE = YES;
				CLANG_WARN_UNREACHABLE_CODE = YES;
				CLANG_WARN__DUPLICATE_METHOD_MATCH = YES;
				"CODE_SIGN_IDENTITY[sdk=iphoneos*]" = "iPhone Developer";
				COPY_PHASE_STRIP = NO;
				DEBUG_INFORMATION_FORMAT = dwarf;
				ENABLE_STRICT_OBJC_MSGSEND = YES;
				ENABLE_TESTABILITY = YES;
				GCC_C_LANGUAGE_STANDARD = gnu99;
				GCC_DYNAMIC_NO_PIC = NO;
				GCC_NO_COMMON_BLOCKS = YES;
				GCC_OPTIMIZATION_LEVEL = 0;
				GCC_PREPROCESSOR_DEFINITIONS = (
					"DEBUG=1",
					"$(inherited)",
				);
				GCC_WARN_64_TO_32_BIT_CONVERSION = YES;
				GCC_WARN_ABOUT_RETURN_TYPE = YES_ERROR;
				GCC_WARN_UNDECLARED_SELECTOR = YES;
				GCC_WARN_UNINITIALIZED_AUTOS = YES_AGGRESSIVE;
				GCC_WARN_UNUSED_FUNCTION = YES;
				GCC_WARN_UNUSED_VARIABLE = YES;
				IPHONEOS_DEPLOYMENT_TARGET = 10.3;
				MTL_ENABLE_DEBUG_INFO = YES;
				ONLY_ACTIVE_ARCH = YES;
				SDKROOT = iphoneos;
				SWIFT_ACTIVE_COMPILATION_CONDITIONS = DEBUG;
				SWIFT_OPTIMIZATION_LEVEL = "-Onone";
			};
			name = Debug;
		};
		892E7DCA1E8BEAA8002541AD /* Release */ = {
			isa = XCBuildConfiguration;
			buildSettings = {
				ALWAYS_SEARCH_USER_PATHS = NO;
				CLANG_ANALYZER_NONNULL = YES;
				CLANG_ANALYZER_NUMBER_OBJECT_CONVERSION = YES_AGGRESSIVE;
				CLANG_CXX_LANGUAGE_STANDARD = "gnu++0x";
				CLANG_CXX_LIBRARY = "libc++";
				CLANG_ENABLE_MODULES = YES;
				CLANG_ENABLE_OBJC_ARC = YES;
				CLANG_WARN_BOOL_CONVERSION = YES;
				CLANG_WARN_CONSTANT_CONVERSION = YES;
				CLANG_WARN_DIRECT_OBJC_ISA_USAGE = YES_ERROR;
				CLANG_WARN_DOCUMENTATION_COMMENTS = YES;
				CLANG_WARN_EMPTY_BODY = YES;
				CLANG_WARN_ENUM_CONVERSION = YES;
				CLANG_WARN_INFINITE_RECURSION = YES;
				CLANG_WARN_INT_CONVERSION = YES;
				CLANG_WARN_OBJC_ROOT_CLASS = YES_ERROR;
				CLANG_WARN_SUSPICIOUS_MOVE = YES;
				CLANG_WARN_UNREACHABLE_CODE = YES;
				CLANG_WARN__DUPLICATE_METHOD_MATCH = YES;
				"CODE_SIGN_IDENTITY[sdk=iphoneos*]" = "iPhone Developer";
				COPY_PHASE_STRIP = NO;
				DEBUG_INFORMATION_FORMAT = "dwarf-with-dsym";
				ENABLE_NS_ASSERTIONS = NO;
				ENABLE_STRICT_OBJC_MSGSEND = YES;
				GCC_C_LANGUAGE_STANDARD = gnu99;
				GCC_NO_COMMON_BLOCKS = YES;
				GCC_WARN_64_TO_32_BIT_CONVERSION = YES;
				GCC_WARN_ABOUT_RETURN_TYPE = YES_ERROR;
				GCC_WARN_UNDECLARED_SELECTOR = YES;
				GCC_WARN_UNINITIALIZED_AUTOS = YES_AGGRESSIVE;
				GCC_WARN_UNUSED_FUNCTION = YES;
				GCC_WARN_UNUSED_VARIABLE = YES;
				IPHONEOS_DEPLOYMENT_TARGET = 10.3;
				MTL_ENABLE_DEBUG_INFO = NO;
				SDKROOT = iphoneos;
				SWIFT_OPTIMIZATION_LEVEL = "-Owholemodule";
				VALIDATE_PRODUCT = YES;
			};
			name = Release;
		};
		892E7DCC1E8BEAA8002541AD /* Debug */ = {
			isa = XCBuildConfiguration;
			baseConfigurationReference = A64F1B0181211DE51D9488B4 /* Pods-Playtime.debug.xcconfig */;
			buildSettings = {
				ASSETCATALOG_COMPILER_APPICON_NAME = AppIcon;
				DEVELOPMENT_TEAM = 9V6J6R5YFL;
				INFOPLIST_FILE = Playtime/Info.plist;
				LD_RUNPATH_SEARCH_PATHS = "$(inherited) @executable_path/Frameworks";
				PRODUCT_BUNDLE_IDENTIFIER = de.ad.Playtime;
				PRODUCT_NAME = "$(TARGET_NAME)";
				SWIFT_VERSION = 3.0;
			};
			name = Debug;
		};
		892E7DCD1E8BEAA8002541AD /* Release */ = {
			isa = XCBuildConfiguration;
			baseConfigurationReference = 45240F6060A33BF1495DF895 /* Pods-Playtime.release.xcconfig */;
			buildSettings = {
				ASSETCATALOG_COMPILER_APPICON_NAME = AppIcon;
				DEVELOPMENT_TEAM = 9V6J6R5YFL;
				INFOPLIST_FILE = Playtime/Info.plist;
				LD_RUNPATH_SEARCH_PATHS = "$(inherited) @executable_path/Frameworks";
				PRODUCT_BUNDLE_IDENTIFIER = de.ad.Playtime;
				PRODUCT_NAME = "$(TARGET_NAME)";
				SWIFT_VERSION = 3.0;
			};
			name = Release;
		};
/* End XCBuildConfiguration section */

/* Begin XCConfigurationList section */
		892E7DB41E8BEAA8002541AD /* Build configuration list for PBXProject "Playtime" */ = {
			isa = XCConfigurationList;
			buildConfigurations = (
				892E7DC91E8BEAA8002541AD /* Debug */,
				892E7DCA1E8BEAA8002541AD /* Release */,
			);
			defaultConfigurationIsVisible = 0;
			defaultConfigurationName = Release;
		};
		892E7DCB1E8BEAA8002541AD /* Build configuration list for PBXNativeTarget "Playtime" */ = {
			isa = XCConfigurationList;
			buildConfigurations = (
				892E7DCC1E8BEAA8002541AD /* Debug */,
				892E7DCD1E8BEAA8002541AD /* Release */,
			);
			defaultConfigurationIsVisible = 0;
			defaultConfigurationName = Release;
		};
/* End XCConfigurationList section */
	};
	rootObject = 892E7DB11E8BEAA8002541AD /* Project object */;
}
